{
  "version": 4,
  "terraform_version": "1.15.2",
  "serial": 11,
  "lineage": "7e5b2d4d-d812-c979-008b-6eb26be199b3",
  "outputs": {
    "artifact_registry_url": {
      "value": "us-central1-docker.pkg.dev/eclaims-promotioncasestudy/eclaims",
      "type": "string"
    },
    "cloudsql_connection_name": {
      "value": "eclaims-promotioncasestudy:us-central1:eclaims-postgres",
      "type": "string"
    },
    "gke_cluster_endpoint": {
      "value": null,
      "type": "string",
      "sensitive": true
    },
    "gke_cluster_name": {
      "value": "eclaims-autopilot",
      "type": "string"
    },
    "redis_host": {
      "value": "10.0.0.4",
      "type": "string"
    },
    "redis_port": {
      "value": 6379,
      "type": "number"
    },
    "subnet_id": {
      "value": "projects/eclaims-promotioncasestudy/regions/us-central1/subnetworks/eclaims-subnet",
      "type": "string"
    },
    "vpc_network_id": {
      "value": "projects/eclaims-promotioncasestudy/global/networks/eclaims-vpc",
      "type": "string"
    },
    "workload_sa_email": {
      "value": "eclaims-workload@eclaims-promotioncasestudy.iam.gserviceaccount.com",
      "type": "string"
    }
  },
  "resources": [
    {
      "mode": "managed",
      "type": "google_artifact_registry_repository",
      "name": "eclaims",
      "provider": "provider[\"registry.terraform.io/hashicorp/google\"]",
      "instances": [
        {
          "schema_version": 0,
          "attributes": {
            "cleanup_policies": [
              {
                "action": "KEEP",
                "condition": [],
                "id": "keep-recent-10",
                "most_recent_versions": [
                  {
                    "keep_count": 10,
                    "package_name_prefixes": []
                  }
                ]
              }
            ],
            "cleanup_policy_dry_run": false,
            "create_time": "2026-03-15T08:47:20.431190Z",
            "description": "eClaims microservices container images",
            "docker_config": [],
            "effective_labels": {},
            "format": "DOCKER",
            "id": "projects/eclaims-promotioncasestudy/locations/us-central1/repositories/eclaims",
            "kms_key_name": "",
            "labels": {},
            "location": "us-central1",
            "maven_config": [],
            "mode": "STANDARD_REPOSITORY",
            "name": "eclaims",
            "project": "eclaims-promotioncasestudy",
            "remote_repository_config": [],
            "repository_id": "eclaims",
            "terraform_labels": {},
            "timeouts": null,
            "update_time": "2026-05-12T13:08:35.563173Z",
            "virtual_repository_config": []
          },
          "sensitive_attributes": [],
          "identity_schema_version": 0,
          "private": "eyJlMmJmYjczMC1lY2FhLTExZTYtOGY4OC0zNDM2M2JjN2M0YzAiOnsiY3JlYXRlIjoxMjAwMDAwMDAwMDAwLCJkZWxldGUiOjEyMDAwMDAwMDAwMDAsInVwZGF0ZSI6MTIwMDAwMDAwMDAwMH19"
        }
      ]
    },
    {
      "mode": "managed",
      "type": "google_compute_firewall",
      "name": "allow_internal",
      "provider": "provider[\"registry.terraform.io/hashicorp/google\"]",
      "instances": [
        {
          "schema_version": 1,
          "attributes": {
            "allow": [
              {
                "ports": [],
                "protocol": "icmp"
              },
              {
                "ports": [],
                "protocol": "tcp"
              },
              {
                "ports": [],
                "protocol": "udp"
              }
            ],
            "creation_timestamp": "2026-05-12T05:40:00.293-07:00",
            "deny": [],
            "description": "",
            "destination_ranges": [],
            "direction": "INGRESS",
            "disabled": false,
            "enable_logging": null,
            "id": "projects/eclaims-promotioncasestudy/global/firewalls/eclaims-allow-internal",
            "log_config": [],
            "name": "eclaims-allow-internal",
            "network": "https://www.googleapis.com/compute/v1/projects/eclaims-promotioncasestudy/global/networks/eclaims-vpc",
            "priority": 1000,
            "project": "eclaims-promotioncasestudy",
            "self_link": "https://www.googleapis.com/compute/v1/projects/eclaims-promotioncasestudy/global/firewalls/eclaims-allow-internal",
            "source_ranges": [
              "10.100.0.0/20",
              "10.101.0.0/16",
              "10.102.0.0/20"
            ],
            "source_service_accounts": [],
            "source_tags": [],
            "target_service_accounts": [],
            "target_tags": [],
            "timeouts": null
          },
          "sensitive_attributes": [],
          "identity_schema_version": 0,
          "private": "eyJlMmJmYjczMC1lY2FhLTExZTYtOGY4OC0zNDM2M2JjN2M0YzAiOnsiY3JlYXRlIjoxMjAwMDAwMDAwMDAwLCJkZWxldGUiOjEyMDAwMDAwMDAwMDAsInVwZGF0ZSI6MTIwMDAwMDAwMDAwMH0sInNjaGVtYV92ZXJzaW9uIjoiMSJ9",
          "dependencies": [
            "google_compute_network.eclaims_vpc",
            "google_project_service.apis"
          ]
        }
      ]
    },
    {
      "mode": "managed",
      "type": "google_compute_global_address",
      "name": "private_service_range",
      "provider": "provider[\"registry.terraform.io/hashicorp/google\"]",
      "instances": [
        {
          "schema_version": 0,
          "attributes": {
            "address": "10.205.0.0",
            "address_type": "INTERNAL",
            "creation_timestamp": "2026-05-12T05:40:00.276-07:00",
            "description": "",
            "effective_labels": {},
            "id": "projects/eclaims-promotioncasestudy/global/addresses/eclaims-private-service-range",
            "ip_version": "",
            "label_fingerprint": "42WmSpB8rSM=",
            "labels": {},
            "name": "eclaims-private-service-range",
            "network": "https://www.googleapis.com/compute/v1/projects/eclaims-promotioncasestudy/global/networks/eclaims-vpc",
            "prefix_length": 16,
            "project": "eclaims-promotioncasestudy",
            "purpose": "VPC_PEERING",
            "self_link": "https://www.googleapis.com/compute/v1/projects/eclaims-promotioncasestudy/global/addresses/eclaims-private-service-range",
            "terraform_labels": {},
            "timeouts": null
          },
          "sensitive_attributes": [],
          "identity_schema_version": 0,
          "private": "eyJlMmJmYjczMC1lY2FhLTExZTYtOGY4OC0zNDM2M2JjN2M0YzAiOnsiY3JlYXRlIjoxMjAwMDAwMDAwMDAwLCJkZWxldGUiOjEyMDAwMDAwMDAwMDAsInVwZGF0ZSI6MTIwMDAwMDAwMDAwMH19",
          "dependencies": [
            "google_compute_network.eclaims_vpc",
            "google_project_service.apis"
          ]
        }
      ]
    },
    {
      "mode": "managed",
      "type": "google_compute_network",
      "name": "eclaims_vpc",
      "provider": "provider[\"registry.terraform.io/hashicorp/google\"]",
      "instances": [
        {
          "schema_version": 0,
          "attributes": {
            "auto_create_subnetworks": false,
            "delete_default_routes_on_create": false,
            "description": "",
            "enable_ula_internal_ipv6": false,
            "gateway_ipv4": "",
            "id": "projects/eclaims-promotioncasestudy/global/networks/eclaims-vpc",
            "internal_ipv6_range": "",
            "mtu": 0,
            "name": "eclaims-vpc",
            "network_firewall_policy_enforcement_order": "AFTER_CLASSIC_FIREWALL",
            "numeric_id": "7627337165918085480",
            "project": "eclaims-promotioncasestudy",
            "routing_mode": "REGIONAL",
            "self_link": "https://www.googleapis.com/compute/v1/projects/eclaims-promotioncasestudy/global/networks/eclaims-vpc",
            "timeouts": null
          },
          "sensitive_attributes": [],
          "identity_schema_version": 0,
          "private": "eyJlMmJmYjczMC1lY2FhLTExZTYtOGY4OC0zNDM2M2JjN2M0YzAiOnsiY3JlYXRlIjoxMjAwMDAwMDAwMDAwLCJkZWxldGUiOjEyMDAwMDAwMDAwMDAsInVwZGF0ZSI6MTIwMDAwMDAwMDAwMH19",
          "dependencies": [
            "google_project_service.apis"
          ]
        }
      ]
    },
    {
      "mode": "managed",
      "type": "google_compute_router",
      "name": "eclaims_router",
      "provider": "provider[\"registry.terraform.io/hashicorp/google\"]",
      "instances": [
        {
          "schema_version": 0,
          "attributes": {
            "bgp": [],
            "creation_timestamp": "2026-05-12T05:40:01.614-07:00",
            "description": "",
            "encrypted_interconnect_router": false,
            "id": "projects/eclaims-promotioncasestudy/regions/us-central1/routers/eclaims-router",
            "name": "eclaims-router",
            "network": "https://www.googleapis.com/compute/v1/projects/eclaims-promotioncasestudy/global/networks/eclaims-vpc",
            "project": "eclaims-promotioncasestudy",
            "region": "us-central1",
            "self_link": "https://www.googleapis.com/compute/v1/projects/eclaims-promotioncasestudy/regions/us-central1/routers/eclaims-router",
            "timeouts": null
          },
          "sensitive_attributes": [],
          "identity_schema_version": 0,
          "private": "eyJlMmJmYjczMC1lY2FhLTExZTYtOGY4OC0zNDM2M2JjN2M0YzAiOnsiY3JlYXRlIjoxMjAwMDAwMDAwMDAwLCJkZWxldGUiOjEyMDAwMDAwMDAwMDAsInVwZGF0ZSI6MTIwMDAwMDAwMDAwMH19",
          "dependencies": [
            "google_compute_network.eclaims_vpc",
            "google_project_service.apis"
          ]
        }
      ]
    },
    {
      "mode": "managed",
      "type": "google_compute_router_nat",
      "name": "eclaims_nat",
      "provider": "provider[\"registry.terraform.io/hashicorp/google\"]",
      "instances": [
        {
          "schema_version": 0,
          "attributes": {
            "auto_network_tier": "PREMIUM",
            "drain_nat_ips": [],
            "enable_dynamic_port_allocation": false,
            "enable_endpoint_independent_mapping": false,
            "endpoint_types": [
              "ENDPOINT_TYPE_VM"
            ],
            "icmp_idle_timeout_sec": 30,
            "id": "eclaims-promotioncasestudy/us-central1/eclaims-router/eclaims-nat",
            "log_config": [
              {
                "enable": true,
                "filter": "ERRORS_ONLY"
              }
            ],
            "max_ports_per_vm": 0,
            "min_ports_per_vm": 0,
            "name": "eclaims-nat",
            "nat_ip_allocate_option": "AUTO_ONLY",
            "nat_ips": [],
            "project": "eclaims-promotioncasestudy",
            "region": "us-central1",
            "router": "eclaims-router",
            "rules": [],
            "source_subnetwork_ip_ranges_to_nat": "ALL_SUBNETWORKS_ALL_IP_RANGES",
            "subnetwork": [],
            "tcp_established_idle_timeout_sec": 1200,
            "tcp_time_wait_timeout_sec": 120,
            "tcp_transitory_idle_timeout_sec": 30,
            "timeouts": null,
            "udp_idle_timeout_sec": 30
          },
          "sensitive_attributes": [],
          "identity_schema_version": 0,
          "private": "eyJlMmJmYjczMC1lY2FhLTExZTYtOGY4OC0zNDM2M2JjN2M0YzAiOnsiY3JlYXRlIjoxMjAwMDAwMDAwMDAwLCJkZWxldGUiOjEyMDAwMDAwMDAwMDAsInVwZGF0ZSI6MTIwMDAwMDAwMDAwMH19",
          "dependencies": [
            "google_compute_network.eclaims_vpc",
            "google_compute_router.eclaims_router",
            "google_project_service.apis"
          ]
        }
      ]
    },
    {
      "mode": "managed",
      "type": "google_compute_subnetwork",
      "name": "eclaims_subnet",
      "provider": "provider[\"registry.terraform.io/hashicorp/google\"]",
      "instances": [
        {
          "schema_version": 0,
          "attributes": {
            "creation_timestamp": "2026-05-12T05:40:01.450-07:00",
            "description": "",
            "external_ipv6_prefix": "",
            "fingerprint": null,
            "gateway_address": "10.100.0.1",
            "id": "projects/eclaims-promotioncasestudy/regions/us-central1/subnetworks/eclaims-subnet",
            "internal_ipv6_prefix": "",
            "ip_cidr_range": "10.100.0.0/20",
            "ipv6_access_type": "",
            "ipv6_cidr_range": "",
            "log_config": [],
            "name": "eclaims-subnet",
            "network": "https://www.googleapis.com/compute/v1/projects/eclaims-promotioncasestudy/global/networks/eclaims-vpc",
            "private_ip_google_access": true,
            "private_ipv6_google_access": "DISABLE_GOOGLE_ACCESS",
            "project": "eclaims-promotioncasestudy",
            "purpose": "PRIVATE",
            "region": "us-central1",
            "role": "",
            "secondary_ip_range": [
              {
                "ip_cidr_range": "10.101.0.0/16",
                "range_name": "gke-pods"
              },
              {
                "ip_cidr_range": "10.102.0.0/20",
                "range_name": "gke-services"
              }
            ],
            "self_link": "https://www.googleapis.com/compute/v1/projects/eclaims-promotioncasestudy/regions/us-central1/subnetworks/eclaims-subnet",
            "send_secondary_ip_range_if_empty": null,
            "stack_type": "IPV4_ONLY",
            "timeouts": null
          },
          "sensitive_attributes": [],
          "identity_schema_version": 0,
          "private": "eyJlMmJmYjczMC1lY2FhLTExZTYtOGY4OC0zNDM2M2JjN2M0YzAiOnsiY3JlYXRlIjoxMjAwMDAwMDAwMDAwLCJkZWxldGUiOjEyMDAwMDAwMDAwMDAsInVwZGF0ZSI6MTIwMDAwMDAwMDAwMH19",
          "dependencies": [
            "google_compute_network.eclaims_vpc",
            "google_project_service.apis"
          ]
        }
      ]
    },
    {
      "mode": "managed",
      "type": "google_project_iam_member",
      "name": "cloudsql_client",
      "provider": "provider[\"registry.terraform.io/hashicorp/google\"]",
      "instances": [
        {
          "schema_version": 0,
          "attributes": {
            "condition": [],
            "etag": "BwZRnieIPdM=",
            "id": "eclaims-promotioncasestudy/roles/cloudsql.client/serviceAccount:eclaims-workload@eclaims-promotioncasestudy.iam.gserviceaccount.com",
            "member": "serviceAccount:eclaims-workload@eclaims-promotioncasestudy.iam.gserviceaccount.com",
            "project": "eclaims-promotioncasestudy",
            "role": "roles/cloudsql.client"
          },
          "sensitive_attributes": [],
          "identity_schema_version": 0,
          "private": "bnVsbA==",
          "dependencies": [
            "google_service_account.eclaims_workload"
          ]
        }
      ]
    },
    {
      "mode": "managed",
      "type": "google_project_service",
      "name": "apis",
      "provider": "provider[\"registry.terraform.io/hashicorp/google\"]",
      "instances": [
        {
          "index_key": "artifactregistry.googleapis.com",
          "schema_version": 0,
          "attributes": {
            "disable_dependent_services": null,
            "disable_on_destroy": false,
            "id": "eclaims-promotioncasestudy/artifactregistry.googleapis.com",
            "project": "eclaims-promotioncasestudy",
            "service": "artifactregistry.googleapis.com",
            "timeouts": null
          },
          "sensitive_attributes": [],
          "identity_schema_version": 0,
          "private": "eyJlMmJmYjczMC1lY2FhLTExZTYtOGY4OC0zNDM2M2JjN2M0YzAiOnsiY3JlYXRlIjoxMjAwMDAwMDAwMDAwLCJkZWxldGUiOjEyMDAwMDAwMDAwMDAsInJlYWQiOjYwMDAwMDAwMDAwMCwidXBkYXRlIjoxMjAwMDAwMDAwMDAwfX0="
        },
        {
          "index_key": "cloudbuild.googleapis.com",
          "schema_version": 0,
          "attributes": {
            "disable_dependent_services": null,
            "disable_on_destroy": false,
            "id": "eclaims-promotioncasestudy/cloudbuild.googleapis.com",
            "project": "eclaims-promotioncasestudy",
            "service": "cloudbuild.googleapis.com",
            "timeouts": null
          },
          "sensitive_attributes": [],
          "identity_schema_version": 0,
          "private": "eyJlMmJmYjczMC1lY2FhLTExZTYtOGY4OC0zNDM2M2JjN2M0YzAiOnsiY3JlYXRlIjoxMjAwMDAwMDAwMDAwLCJkZWxldGUiOjEyMDAwMDAwMDAwMDAsInJlYWQiOjYwMDAwMDAwMDAwMCwidXBkYXRlIjoxMjAwMDAwMDAwMDAwfX0="
        },
        {
          "index_key": "cloudresourcemanager.googleapis.com",
          "schema_version": 0,
          "attributes": {
            "disable_dependent_services": null,
            "disable_on_destroy": false,
            "id": "eclaims-promotioncasestudy/cloudresourcemanager.googleapis.com",
            "project": "eclaims-promotioncasestudy",
            "service": "cloudresourcemanager.googleapis.com",
            "timeouts": null
          },
          "sensitive_attributes": [],
          "identity_schema_version": 0,
          "private": "eyJlMmJmYjczMC1lY2FhLTExZTYtOGY4OC0zNDM2M2JjN2M0YzAiOnsiY3JlYXRlIjoxMjAwMDAwMDAwMDAwLCJkZWxldGUiOjEyMDAwMDAwMDAwMDAsInJlYWQiOjYwMDAwMDAwMDAwMCwidXBkYXRlIjoxMjAwMDAwMDAwMDAwfX0="
        },
        {
          "index_key": "compute.googleapis.com",
          "schema_version": 0,
          "attributes": {
            "disable_dependent_services": null,
            "disable_on_destroy": false,
            "id": "eclaims-promotioncasestudy/compute.googleapis.com",
            "project": "eclaims-promotioncasestudy",
            "service": "compute.googleapis.com",
            "timeouts": null
          },
          "sensitive_attributes": [],
          "identity_schema_version": 0,
          "private": "eyJlMmJmYjczMC1lY2FhLTExZTYtOGY4OC0zNDM2M2JjN2M0YzAiOnsiY3JlYXRlIjoxMjAwMDAwMDAwMDAwLCJkZWxldGUiOjEyMDAwMDAwMDAwMDAsInJlYWQiOjYwMDAwMDAwMDAwMCwidXBkYXRlIjoxMjAwMDAwMDAwMDAwfX0="
        },
        {
          "index_key": "container.googleapis.com",
          "schema_version": 0,
          "attributes": {
            "disable_dependent_services": null,
            "disable_on_destroy": false,
            "id": "eclaims-promotioncasestudy/container.googleapis.com",
            "project": "eclaims-promotioncasestudy",
            "service": "container.googleapis.com",
            "timeouts": null
          },
          "sensitive_attributes": [],
          "identity_schema_version": 0,
          "private": "eyJlMmJmYjczMC1lY2FhLTExZTYtOGY4OC0zNDM2M2JjN2M0YzAiOnsiY3JlYXRlIjoxMjAwMDAwMDAwMDAwLCJkZWxldGUiOjEyMDAwMDAwMDAwMDAsInJlYWQiOjYwMDAwMDAwMDAwMCwidXBkYXRlIjoxMjAwMDAwMDAwMDAwfX0="
        },
        {
          "index_key": "iam.googleapis.com",
          "schema_version": 0,
          "attributes": {
            "disable_dependent_services": null,
            "disable_on_destroy": false,
            "id": "eclaims-promotioncasestudy/iam.googleapis.com",
            "project": "eclaims-promotioncasestudy",
            "service": "iam.googleapis.com",
            "timeouts": null
          },
          "sensitive_attributes": [],
          "identity_schema_version": 0,
          "private": "eyJlMmJmYjczMC1lY2FhLTExZTYtOGY4OC0zNDM2M2JjN2M0YzAiOnsiY3JlYXRlIjoxMjAwMDAwMDAwMDAwLCJkZWxldGUiOjEyMDAwMDAwMDAwMDAsInJlYWQiOjYwMDAwMDAwMDAwMCwidXBkYXRlIjoxMjAwMDAwMDAwMDAwfX0="
        },
        {
          "index_key": "logging.googleapis.com",
          "schema_version": 0,
          "attributes": {
            "disable_dependent_services": null,
            "disable_on_destroy": false,
            "id": "eclaims-promotioncasestudy/logging.googleapis.com",
            "project": "eclaims-promotioncasestudy",
            "service": "logging.googleapis.com",
            "timeouts": null
          },
          "sensitive_attributes": [],
          "identity_schema_version": 0,
          "private": "eyJlMmJmYjczMC1lY2FhLTExZTYtOGY4OC0zNDM2M2JjN2M0YzAiOnsiY3JlYXRlIjoxMjAwMDAwMDAwMDAwLCJkZWxldGUiOjEyMDAwMDAwMDAwMDAsInJlYWQiOjYwMDAwMDAwMDAwMCwidXBkYXRlIjoxMjAwMDAwMDAwMDAwfX0="
        },
        {
          "index_key": "monitoring.googleapis.com",
          "schema_version": 0,
          "attributes": {
            "disable_dependent_services": null,
            "disable_on_destroy": false,
            "id": "eclaims-promotioncasestudy/monitoring.googleapis.com",
            "project": "eclaims-promotioncasestudy",
            "service": "monitoring.googleapis.com",
            "timeouts": null
          },
          "sensitive_attributes": [],
          "identity_schema_version": 0,
          "private": "eyJlMmJmYjczMC1lY2FhLTExZTYtOGY4OC0zNDM2M2JjN2M0YzAiOnsiY3JlYXRlIjoxMjAwMDAwMDAwMDAwLCJkZWxldGUiOjEyMDAwMDAwMDAwMDAsInJlYWQiOjYwMDAwMDAwMDAwMCwidXBkYXRlIjoxMjAwMDAwMDAwMDAwfX0="
        },
        {
          "index_key": "redis.googleapis.com",
          "schema_version": 0,
          "attributes": {
            "disable_dependent_services": null,
            "disable_on_destroy": false,
            "id": "eclaims-promotioncasestudy/redis.googleapis.com",
            "project": "eclaims-promotioncasestudy",
            "service": "redis.googleapis.com",
            "timeouts": null
          },
          "sensitive_attributes": [],
          "identity_schema_version": 0,
          "private": "eyJlMmJmYjczMC1lY2FhLTExZTYtOGY4OC0zNDM2M2JjN2M0YzAiOnsiY3JlYXRlIjoxMjAwMDAwMDAwMDAwLCJkZWxldGUiOjEyMDAwMDAwMDAwMDAsInJlYWQiOjYwMDAwMDAwMDAwMCwidXBkYXRlIjoxMjAwMDAwMDAwMDAwfX0="
        },
        {
          "index_key": "secretmanager.googleapis.com",
          "schema_version": 0,
          "attributes": {
            "disable_dependent_services": null,
            "disable_on_destroy": false,
            "id": "eclaims-promotioncasestudy/secretmanager.googleapis.com",
            "project": "eclaims-promotioncasestudy",
            "service": "secretmanager.googleapis.com",
            "timeouts": null
          },
          "sensitive_attributes": [],
          "identity_schema_version": 0,
          "private": "eyJlMmJmYjczMC1lY2FhLTExZTYtOGY4OC0zNDM2M2JjN2M0YzAiOnsiY3JlYXRlIjoxMjAwMDAwMDAwMDAwLCJkZWxldGUiOjEyMDAwMDAwMDAwMDAsInJlYWQiOjYwMDAwMDAwMDAwMCwidXBkYXRlIjoxMjAwMDAwMDAwMDAwfX0="
        },
        {
          "index_key": "servicenetworking.googleapis.com",
          "schema_version": 0,
          "attributes": {
            "disable_dependent_services": null,
            "disable_on_destroy": false,
            "id": "eclaims-promotioncasestudy/servicenetworking.googleapis.com",
            "project": "eclaims-promotioncasestudy",
            "service": "servicenetworking.googleapis.com",
            "timeouts": null
          },
          "sensitive_attributes": [],
          "identity_schema_version": 0,
          "private": "eyJlMmJmYjczMC1lY2FhLTExZTYtOGY4OC0zNDM2M2JjN2M0YzAiOnsiY3JlYXRlIjoxMjAwMDAwMDAwMDAwLCJkZWxldGUiOjEyMDAwMDAwMDAwMDAsInJlYWQiOjYwMDAwMDAwMDAwMCwidXBkYXRlIjoxMjAwMDAwMDAwMDAwfX0="
        },
        {
          "index_key": "sqladmin.googleapis.com",
          "schema_version": 0,
          "attributes": {
            "disable_dependent_services": null,
            "disable_on_destroy": false,
            "id": "eclaims-promotioncasestudy/sqladmin.googleapis.com",
            "project": "eclaims-promotioncasestudy",
            "service": "sqladmin.googleapis.com",
            "timeouts": null
          },
          "sensitive_attributes": [],
          "identity_schema_version": 0,
          "private": "eyJlMmJmYjczMC1lY2FhLTExZTYtOGY4OC0zNDM2M2JjN2M0YzAiOnsiY3JlYXRlIjoxMjAwMDAwMDAwMDAwLCJkZWxldGUiOjEyMDAwMDAwMDAwMDAsInJlYWQiOjYwMDAwMDAwMDAwMCwidXBkYXRlIjoxMjAwMDAwMDAwMDAwfX0="
        }
      ]
    },
    {
      "mode": "managed",
      "type": "google_redis_instance",
      "name": "eclaims",
      "provider": "provider[\"registry.terraform.io/hashicorp/google\"]",
      "instances": [
        {
          "schema_version": 0,
          "attributes": {
            "alternative_location_id": "us-central1-b",
            "auth_enabled": true,
            "auth_string": "07f5dd99-3c46-4c27-8e9a-2868b7e76c5d",
            "authorized_network": "projects/eclaims-promotioncasestudy/global/networks/default",
            "connect_mode": "DIRECT_PEERING",
            "create_time": "2026-05-12T12:39:12.627933772Z",
            "current_location_id": "us-central1-b",
            "customer_managed_key": "",
            "display_name": "eClaims Memorystore Redis",
            "effective_labels": {},
            "host": "10.0.0.4",
            "id": "projects/eclaims-promotioncasestudy/locations/us-central1/instances/eclaims-redis",
            "labels": {},
            "location_id": "us-central1-a",
            "maintenance_policy": [
              {
                "create_time": "2026-05-12T12:39:12.452076Z",
                "description": "",
                "update_time": "2026-05-12T12:39:12.452076Z",
                "weekly_maintenance_window": [
                  {
                    "day": "SATURDAY",
                    "duration": "3600s",
                    "start_time": [
                      {
                        "hours": 2,
                        "minutes": 0,
                        "nanos": 0,
                        "seconds": 0
                      }
                    ]
                  }
                ]
              }
            ],
            "maintenance_schedule": [],
            "maintenance_version": "20251007_00_00",
            "memory_size_gb": 4,
            "name": "eclaims-redis",
            "nodes": [
              {
                "id": "node-0",
                "zone": "us-central1-a"
              },
              {
                "id": "node-1",
                "zone": "us-central1-b"
              }
            ],
            "persistence_config": [
              {
                "persistence_mode": "RDB",
                "rdb_next_snapshot_time": "",
                "rdb_snapshot_period": "ONE_HOUR",
                "rdb_snapshot_start_time": "1970-01-01T00:00:00Z"
              }
            ],
            "persistence_iam_identity": "serviceAccount:service-321046325989@cloud-redis.iam.gserviceaccount.com",
            "port": 6379,
            "project": "eclaims-promotioncasestudy",
            "read_endpoint": "",
            "read_endpoint_port": 0,
            "read_replicas_mode": "READ_REPLICAS_DISABLED",
            "redis_configs": {},
            "redis_version": "REDIS_7_0",
            "region": "us-central1",
            "replica_count": 1,
            "reserved_ip_range": "10.0.0.0/29",
            "secondary_ip_range": "",
            "server_ca_certs": [],
            "terraform_labels": {},
            "tier": "STANDARD_HA",
            "timeouts": null,
            "transit_encryption_mode": "DISABLED"
          },
          "sensitive_attributes": [
            [
              {
                "type": "get_attr",
                "value": "auth_string"
              }
            ]
          ],
          "identity_schema_version": 0,
          "private": "eyJlMmJmYjczMC1lY2FhLTExZTYtOGY4OC0zNDM2M2JjN2M0YzAiOnsiY3JlYXRlIjoxMjAwMDAwMDAwMDAwLCJkZWxldGUiOjEyMDAwMDAwMDAwMDAsInVwZGF0ZSI6MTIwMDAwMDAwMDAwMH19"
        }
      ]
    },
    {
      "mode": "managed",
      "type": "google_service_account",
      "name": "eclaims_service",
      "provider": "provider[\"registry.terraform.io/hashicorp/google\"]",
      "instances": [
        {
          "index_key": "api-gateway",
          "schema_version": 0,
          "attributes": {
            "account_id": "eclaims-api-gateway",
            "create_ignore_already_exists": null,
            "description": "",
            "disabled": false,
            "display_name": "eClaims api-gateway service account",
            "email": "eclaims-api-gateway@eclaims-promotioncasestudy.iam.gserviceaccount.com",
            "id": "projects/eclaims-promotioncasestudy/serviceAccounts/eclaims-api-gateway@eclaims-promotioncasestudy.iam.gserviceaccount.com",
            "member": "serviceAccount:eclaims-api-gateway@eclaims-promotioncasestudy.iam.gserviceaccount.com",
            "name": "projects/eclaims-promotioncasestudy/serviceAccounts/eclaims-api-gateway@eclaims-promotioncasestudy.iam.gserviceaccount.com",
            "project": "eclaims-promotioncasestudy",
            "timeouts": null,
            "unique_id": "118202595447904815815"
          },
          "sensitive_attributes": [],
          "identity_schema_version": 0,
          "private": "eyJlMmJmYjczMC1lY2FhLTExZTYtOGY4OC0zNDM2M2JjN2M0YzAiOnsiY3JlYXRlIjozMDAwMDAwMDAwMDB9fQ=="
        },
        {
          "index_key": "claims",
          "schema_version": 0,
          "attributes": {
            "account_id": "eclaims-claims",
            "create_ignore_already_exists": null,
            "description": "",
            "disabled": false,
            "display_name": "eClaims claims service account",
            "email": "eclaims-claims@eclaims-promotioncasestudy.iam.gserviceaccount.com",
            "id": "projects/eclaims-promotioncasestudy/serviceAccounts/eclaims-claims@eclaims-promotioncasestudy.iam.gserviceaccount.com",
            "member": "serviceAccount:eclaims-claims@eclaims-promotioncasestudy.iam.gserviceaccount.com",
            "name": "projects/eclaims-promotioncasestudy/serviceAccounts/eclaims-claims@eclaims-promotioncasestudy.iam.gserviceaccount.com",
            "project": "eclaims-promotioncasestudy",
            "timeouts": null,
            "unique_id": "103892475430531583918"
          },
          "sensitive_attributes": [],
          "identity_schema_version": 0,
          "private": "eyJlMmJmYjczMC1lY2FhLTExZTYtOGY4OC0zNDM2M2JjN2M0YzAiOnsiY3JlYXRlIjozMDAwMDAwMDAwMDB9fQ=="
        },
        {
          "index_key": "document",
          "schema_version": 0,
          "attributes": {
            "account_id": "eclaims-document",
            "create_ignore_already_exists": null,
            "description": "",
            "disabled": false,
            "display_name": "eClaims document service account",
            "email": "eclaims-document@eclaims-promotioncasestudy.iam.gserviceaccount.com",
            "id": "projects/eclaims-promotioncasestudy/serviceAccounts/eclaims-document@eclaims-promotioncasestudy.iam.gserviceaccount.com",
            "member": "serviceAccount:eclaims-document@eclaims-promotioncasestudy.iam.gserviceaccount.com",
            "name": "projects/eclaims-promotioncasestudy/serviceAccounts/eclaims-document@eclaims-promotioncasestudy.iam.gserviceaccount.com",
            "project": "eclaims-promotioncasestudy",
            "timeouts": null,
            "unique_id": "109383147287199256821"
          },
          "sensitive_attributes": [],
          "identity_schema_version": 0,
          "private": "eyJlMmJmYjczMC1lY2FhLTExZTYtOGY4OC0zNDM2M2JjN2M0YzAiOnsiY3JlYXRlIjozMDAwMDAwMDAwMDB9fQ=="
        },
        {
          "index_key": "notification",
          "schema_version": 0,
          "attributes": {
            "account_id": "eclaims-notification",
            "create_ignore_already_exists": null,
            "description": "",
            "disabled": false,
            "display_name": "eClaims notification service account",
            "email": "eclaims-notification@eclaims-promotioncasestudy.iam.gserviceaccount.com",
            "id": "projects/eclaims-promotioncasestudy/serviceAccounts/eclaims-notification@eclaims-promotioncasestudy.iam.gserviceaccount.com",
            "member": "serviceAccount:eclaims-notification@eclaims-promotioncasestudy.iam.gserviceaccount.com",
            "name": "projects/eclaims-promotioncasestudy/serviceAccounts/eclaims-notification@eclaims-promotioncasestudy.iam.gserviceaccount.com",
            "project": "eclaims-promotioncasestudy",
            "timeouts": null,
            "unique_id": "100384715931845243284"
          },
          "sensitive_attributes": [],
          "identity_schema_version": 0,
          "private": "eyJlMmJmYjczMC1lY2FhLTExZTYtOGY4OC0zNDM2M2JjN2M0YzAiOnsiY3JlYXRlIjozMDAwMDAwMDAwMDB9fQ=="
        },
        {
          "index_key": "partner",
          "schema_version": 0,
          "attributes": {
            "account_id": "eclaims-partner",
            "create_ignore_already_exists": null,
            "description": "",
            "disabled": false,
            "display_name": "eClaims partner service account",
            "email": "eclaims-partner@eclaims-promotioncasestudy.iam.gserviceaccount.com",
            "id": "projects/eclaims-promotioncasestudy/serviceAccounts/eclaims-partner@eclaims-promotioncasestudy.iam.gserviceaccount.com",
            "member": "serviceAccount:eclaims-partner@eclaims-promotioncasestudy.iam.gserviceaccount.com",
            "name": "projects/eclaims-promotioncasestudy/serviceAccounts/eclaims-partner@eclaims-promotioncasestudy.iam.gserviceaccount.com",
            "project": "eclaims-promotioncasestudy",
            "timeouts": null,
            "unique_id": "114503791476462596861"
          },
          "sensitive_attributes": [],
          "identity_schema_version": 0,
          "private": "eyJlMmJmYjczMC1lY2FhLTExZTYtOGY4OC0zNDM2M2JjN2M0YzAiOnsiY3JlYXRlIjozMDAwMDAwMDAwMDB9fQ=="
        },
        {
          "index_key": "workflow",
          "schema_version": 0,
          "attributes": {
            "account_id": "eclaims-workflow",
            "create_ignore_already_exists": null,
            "description": "",
            "disabled": false,
            "display_name": "eClaims workflow service account",
            "email": "eclaims-workflow@eclaims-promotioncasestudy.iam.gserviceaccount.com",
            "id": "projects/eclaims-promotioncasestudy/serviceAccounts/eclaims-workflow@eclaims-promotioncasestudy.iam.gserviceaccount.com",
            "member": "serviceAccount:eclaims-workflow@eclaims-promotioncasestudy.iam.gserviceaccount.com",
            "name": "projects/eclaims-promotioncasestudy/serviceAccounts/eclaims-workflow@eclaims-promotioncasestudy.iam.gserviceaccount.com",
            "project": "eclaims-promotioncasestudy",
            "timeouts": null,
            "unique_id": "110054482130586283416"
          },
          "sensitive_attributes": [],
          "identity_schema_version": 0,
          "private": "eyJlMmJmYjczMC1lY2FhLTExZTYtOGY4OC0zNDM2M2JjN2M0YzAiOnsiY3JlYXRlIjozMDAwMDAwMDAwMDB9fQ=="
        }
      ]
    },
    {
      "mode": "managed",
      "type": "google_service_account",
      "name": "eclaims_workload",
      "provider": "provider[\"registry.terraform.io/hashicorp/google\"]",
      "instances": [
        {
          "schema_version": 0,
          "attributes": {
            "account_id": "eclaims-workload",
            "create_ignore_already_exists": null,
            "description": "",
            "disabled": false,
            "display_name": "eClaims workload identity (all pods)",
            "email": "eclaims-workload@eclaims-promotioncasestudy.iam.gserviceaccount.com",
            "id": "projects/eclaims-promotioncasestudy/serviceAccounts/eclaims-workload@eclaims-promotioncasestudy.iam.gserviceaccount.com",
            "member": "serviceAccount:eclaims-workload@eclaims-promotioncasestudy.iam.gserviceaccount.com",
            "name": "projects/eclaims-promotioncasestudy/serviceAccounts/eclaims-workload@eclaims-promotioncasestudy.iam.gserviceaccount.com",
            "project": "eclaims-promotioncasestudy",
            "timeouts": null,
            "unique_id": "109091093209259795168"
          },
          "sensitive_attributes": [],
          "identity_schema_version": 0,
          "private": "eyJlMmJmYjczMC1lY2FhLTExZTYtOGY4OC0zNDM2M2JjN2M0YzAiOnsiY3JlYXRlIjozMDAwMDAwMDAwMDB9fQ=="
        }
      ]
    },
    {
      "mode": "managed",
      "type": "google_service_networking_connection",
      "name": "private_vpc_connection",
      "provider": "provider[\"registry.terraform.io/hashicorp/google\"]",
      "instances": [
        {
          "schema_version": 0,
          "attributes": {
            "deletion_policy": null,
            "id": "projects%2Feclaims-promotioncasestudy%2Fglobal%2Fnetworks%2Feclaims-vpc:servicenetworking.googleapis.com",
            "network": "projects/eclaims-promotioncasestudy/global/networks/eclaims-vpc",
            "peering": "servicenetworking-googleapis-com",
            "reserved_peering_ranges": [
              "eclaims-private-service-range"
            ],
            "service": "servicenetworking.googleapis.com",
            "timeouts": null,
            "update_on_creation_fail": null
          },
          "sensitive_attributes": [],
          "identity_schema_version": 0,
          "private": "eyJlMmJmYjczMC1lY2FhLTExZTYtOGY4OC0zNDM2M2JjN2M0YzAiOnsiY3JlYXRlIjo2MDAwMDAwMDAwMDAsImRlbGV0ZSI6NjAwMDAwMDAwMDAwLCJ1cGRhdGUiOjYwMDAwMDAwMDAwMH19",
          "dependencies": [
            "google_compute_global_address.private_service_range",
            "google_compute_network.eclaims_vpc",
            "google_project_service.apis"
          ]
        }
      ]
    },
    {
      "mode": "managed",
      "type": "google_sql_database",
      "name": "eclaims_dbs",
      "provider": "provider[\"registry.terraform.io/hashicorp/google\"]",
      "instances": [
        {
          "index_key": "claims_db",
          "schema_version": 0,
          "attributes": {
            "charset": "UTF8",
            "collation": "en_US.UTF8",
            "deletion_policy": "DELETE",
            "id": "projects/eclaims-promotioncasestudy/instances/eclaims-postgres/databases/claims_db",
            "instance": "eclaims-postgres",
            "name": "claims_db",
            "project": "eclaims-promotioncasestudy",
            "self_link": "https://sqladmin.googleapis.com/sql/v1beta4/projects/eclaims-promotioncasestudy/instances/eclaims-postgres/databases/claims_db",
            "timeouts": null
          },
          "sensitive_attributes": [],
          "identity_schema_version": 0,
          "private": "eyJlMmJmYjczMC1lY2FhLTExZTYtOGY4OC0zNDM2M2JjN2M0YzAiOnsiY3JlYXRlIjoxMjAwMDAwMDAwMDAwLCJkZWxldGUiOjEyMDAwMDAwMDAwMDAsInVwZGF0ZSI6MTIwMDAwMDAwMDAwMH19",
          "dependencies": [
            "google_sql_database_instance.eclaims"
          ]
        },
        {
          "index_key": "document_db",
          "schema_version": 0,
          "attributes": {
            "charset": "UTF8",
            "collation": "en_US.UTF8",
            "deletion_policy": "DELETE",
            "id": "projects/eclaims-promotioncasestudy/instances/eclaims-postgres/databases/document_db",
            "instance": "eclaims-postgres",
            "name": "document_db",
            "project": "eclaims-promotioncasestudy",
            "self_link": "https://sqladmin.googleapis.com/sql/v1beta4/projects/eclaims-promotioncasestudy/instances/eclaims-postgres/databases/document_db",
            "timeouts": null
          },
          "sensitive_attributes": [],
          "identity_schema_version": 0,
          "private": "eyJlMmJmYjczMC1lY2FhLTExZTYtOGY4OC0zNDM2M2JjN2M0YzAiOnsiY3JlYXRlIjoxMjAwMDAwMDAwMDAwLCJkZWxldGUiOjEyMDAwMDAwMDAwMDAsInVwZGF0ZSI6MTIwMDAwMDAwMDAwMH19",
          "dependencies": [
            "google_sql_database_instance.eclaims"
          ]
        },
        {
          "index_key": "notification_db",
          "schema_version": 0,
          "attributes": {
            "charset": "UTF8",
            "collation": "en_US.UTF8",
            "deletion_policy": "DELETE",
            "id": "projects/eclaims-promotioncasestudy/instances/eclaims-postgres/databases/notification_db",
            "instance": "eclaims-postgres",
            "name": "notification_db",
            "project": "eclaims-promotioncasestudy",
            "self_link": "https://sqladmin.googleapis.com/sql/v1beta4/projects/eclaims-promotioncasestudy/instances/eclaims-postgres/databases/notification_db",
            "timeouts": null
          },
          "sensitive_attributes": [],
          "identity_schema_version": 0,
          "private": "eyJlMmJmYjczMC1lY2FhLTExZTYtOGY4OC0zNDM2M2JjN2M0YzAiOnsiY3JlYXRlIjoxMjAwMDAwMDAwMDAwLCJkZWxldGUiOjEyMDAwMDAwMDAwMDAsInVwZGF0ZSI6MTIwMDAwMDAwMDAwMH19",
          "dependencies": [
            "google_sql_database_instance.eclaims"
          ]
        },
        {
          "index_key": "partner_db",
          "schema_version": 0,
          "attributes": {
            "charset": "UTF8",
            "collation": "en_US.UTF8",
            "deletion_policy": "DELETE",
            "id": "projects/eclaims-promotioncasestudy/instances/eclaims-postgres/databases/partner_db",
            "instance": "eclaims-postgres",
            "name": "partner_db",
            "project": "eclaims-promotioncasestudy",
            "self_link": "https://sqladmin.googleapis.com/sql/v1beta4/projects/eclaims-promotioncasestudy/instances/eclaims-postgres/databases/partner_db",
            "timeouts": null
          },
          "sensitive_attributes": [],
          "identity_schema_version": 0,
          "private": "eyJlMmJmYjczMC1lY2FhLTExZTYtOGY4OC0zNDM2M2JjN2M0YzAiOnsiY3JlYXRlIjoxMjAwMDAwMDAwMDAwLCJkZWxldGUiOjEyMDAwMDAwMDAwMDAsInVwZGF0ZSI6MTIwMDAwMDAwMDAwMH19",
          "dependencies": [
            "google_sql_database_instance.eclaims"
          ]
        },
        {
          "index_key": "workflow_db",
          "schema_version": 0,
          "attributes": {
            "charset": "UTF8",
            "collation": "en_US.UTF8",
            "deletion_policy": "DELETE",
            "id": "projects/eclaims-promotioncasestudy/instances/eclaims-postgres/databases/workflow_db",
            "instance": "eclaims-postgres",
            "name": "workflow_db",
            "project": "eclaims-promotioncasestudy",
            "self_link": "https://sqladmin.googleapis.com/sql/v1beta4/projects/eclaims-promotioncasestudy/instances/eclaims-postgres/databases/workflow_db",
            "timeouts": null
          },
          "sensitive_attributes": [],
          "identity_schema_version": 0,
          "private": "eyJlMmJmYjczMC1lY2FhLTExZTYtOGY4OC0zNDM2M2JjN2M0YzAiOnsiY3JlYXRlIjoxMjAwMDAwMDAwMDAwLCJkZWxldGUiOjEyMDAwMDAwMDAwMDAsInVwZGF0ZSI6MTIwMDAwMDAwMDAwMH19",
          "dependencies": [
            "google_sql_database_instance.eclaims"
          ]
        }
      ]
    },
    {
      "mode": "managed",
      "type": "google_sql_database_instance",
      "name": "eclaims",
      "provider": "provider[\"registry.terraform.io/hashicorp/google\"]",
      "instances": [
        {
          "schema_version": 0,
          "attributes": {
            "available_maintenance_versions": [],
            "clone": [],
            "connection_name": "eclaims-promotioncasestudy:us-central1:eclaims-postgres",
            "database_version": "POSTGRES_15",
            "deletion_protection": true,
            "dns_name": "",
            "encryption_key_name": null,
            "first_ip_address": "10.205.0.2",
            "id": "eclaims-postgres",
            "instance_type": "CLOUD_SQL_INSTANCE",
            "ip_address": [
              {
                "ip_address": "10.205.0.2",
                "time_to_retire": "",
                "type": "PRIVATE"
              }
            ],
            "maintenance_version": "POSTGRES_15_17.R20260319.00_11",
            "master_instance_name": "",
            "name": "eclaims-postgres",
            "private_ip_address": "10.205.0.2",
            "project": "eclaims-promotioncasestudy",
            "psc_service_attachment_link": "",
            "public_ip_address": "",
            "region": "us-central1",
            "replica_configuration": [],
            "restore_backup_context": [],
            "root_password": null,
            "self_link": "https://sqladmin.googleapis.com/sql/v1beta4/projects/eclaims-promotioncasestudy/instances/eclaims-postgres",
            "server_ca_cert": [
              {
                "cert": "-----BEGIN CERTIFICATE-----\nMIIDcTCCAlmgAwIBAgIBADANBgkqhkiG9w0BAQsFADBwMS0wKwYDVQQuEyRjMDJh\nYWIzOS01NmUxLTQ3YTktYjFlMC00YmM0ODgzNDg3YTYxHDAaBgNVBAMTE0Nsb3Vk\nIFNRTCBTZXJ2ZXIgQ0ExFDASBgNVBAoTC0dvb2dsZSwgSW5jMQswCQYDVQQGEwJV\nUzAeFw0yNjA1MTIxMzEwMjhaFw0zNjA1MDkxMzExMjhaMHAxLTArBgNVBC4TJGMw\nMmFhYjM5LTU2ZTEtNDdhOS1iMWUwLTRiYzQ4ODM0ODdhNjEcMBoGA1UEAxMTQ2xv\ndWQgU1FMIFNlcnZlciBDQTEUMBIGA1UEChMLR29vZ2xlLCBJbmMxCzAJBgNVBAYT\nAlVTMIIBIjANBgkqhkiG9w0BAQEFAAOCAQ8AMIIBCgKCAQEAyy9iN4/R3uo/Wz5t\nj/gkG6+eU5mCNYQEto7QV+FTGZ9vWZMGMD1tfQF2iNb31/+yuwerY8QYr0/g8p/l\nZFOqFMpBYubfoIXWNfSt0BKFpChsZ1H9E8owwA9qqZ0YKoYlrlVsSbm0Ef5rN8am\nBKZZ9E7nEmk5NUZYxC0yeHdLJ2JLx5b+ox/zNGX8vCRHDbUGi8hiiWqikZu023HD\nR0f0HSQeP7WHaM8NyKq45sOJu20xs3nVGUebk6Cz8nbHtwfLVmdLSrEKYj81rGpl\nL9l0JtuYykJDYeh5Wb7Rva96WFsWm+Y3w3rPn1AYXFMw/xMlnhE9H8Zwa5UjLc8O\npSjUfwIDAQABoxYwFDASBgNVHRMBAf8ECDAGAQH/AgEAMA0GCSqGSIb3DQEBCwUA\nA4IBAQCNXB3ves+OIBhvA7kgscBWNvTg2hy769JSVK0OmGsLUnMhxUdnxIAzIZoS\nlcF92gcWEaiGgkyxdkBhzvFItBQypg+LjX1yItH2OuC/flcWmMugvnDnj0RAWw1t\nBz+5t9K3jhtaLxF7RYaynDC//nVx7jb2Bsim8N2QDkvn/uJdntAdmjbCGW0gmLMN\nqmUKYgA9/E9FwqRaxrvHwttPqFxb3Q05i/kdmlWcTpr7trtlocPBvuuQh/jfCiRN\n2IkHOKmOPHuM8pp5NvGIVF4IXR/hkjKx+CI/Oj4Vp5M92FgYzgDlmMd34vceown9\n5nZd2TalQx9G6WdmpqeukrZPAeRJ\n-----END CERTIFICATE-----",
                "common_name": "C=US,O=Google\\, Inc,CN=Cloud SQL Server CA,dnQualifier=c02aab39-56e1-47a9-b1e0-4bc4883487a6",
                "create_time": "2026-05-12T13:10:28.538Z",
                "expiration_time": "2036-05-09T13:11:28.538Z",
                "sha1_fingerprint": "26f5b3d4fa0f690af4ba5ec3db6da9272d3db3d5"
              }
            ],
            "service_account_email_address": "p321046325989-h7qngt@gcp-sa-cloud-sql.iam.gserviceaccount.com",
            "settings": [
              {
                "activation_policy": "ALWAYS",
                "active_directory_config": [],
                "advanced_machine_features": [],
                "availability_type": "REGIONAL",
                "backup_configuration": [
                  {
                    "backup_retention_settings": [
                      {
                        "retained_backups": 30,
                        "retention_unit": "COUNT"
                      }
                    ],
                    "binary_log_enabled": false,
                    "enabled": true,
                    "location": "",
                    "point_in_time_recovery_enabled": true,
                    "start_time": "03:00",
                    "transaction_log_retention_days": 7
                  }
                ],
                "collation": "",
                "connector_enforcement": "NOT_REQUIRED",
                "data_cache_config": [],
                "database_flags": [],
                "deletion_protection_enabled": false,
                "deny_maintenance_period": [],
                "disk_autoresize": true,
                "disk_autoresize_limit": 0,
                "disk_size": 10,
                "disk_type": "PD_SSD",
                "edition": "ENTERPRISE",
                "enable_dataplex_integration": false,
                "enable_google_ml_integration": false,
                "insights_config": [
                  {
                    "query_insights_enabled": true,
                    "query_plans_per_minute": 0,
                    "query_string_length": 1024,
                    "record_application_tags": true,
                    "record_client_address": false
                  }
                ],
                "ip_configuration": [
                  {
                    "allocated_ip_range": "",
                    "authorized_networks": [],
                    "enable_private_path_for_google_cloud_services": false,
                    "ipv4_enabled": false,
                    "private_network": "projects/eclaims-promotioncasestudy/global/networks/eclaims-vpc",
                    "psc_config": [],
                    "require_ssl": true,
                    "server_ca_mode": "GOOGLE_MANAGED_INTERNAL_CA",
                    "ssl_mode": ""
                  }
                ],
                "location_preference": [
                  {
                    "follow_gae_application": "",
                    "secondary_zone": "",
                    "zone": "us-central1-a"
                  }
                ],
                "maintenance_window": [],
                "password_validation_policy": [],
                "pricing_plan": "PER_USE",
                "sql_server_audit_config": [],
                "tier": "db-custom-4-15360",
                "time_zone": "",
                "user_labels": {},
                "version": 7
              }
            ],
            "timeouts": null
          },
          "sensitive_attributes": [
            [
              {
                "type": "get_attr",
                "value": "root_password"
              }
            ],
            [
              {
                "type": "get_attr",
                "value": "server_ca_cert"
              }
            ]
          ],
          "identity_schema_version": 0,
          "private": "eyJlMmJmYjczMC1lY2FhLTExZTYtOGY4OC0zNDM2M2JjN2M0YzAiOnsiY3JlYXRlIjo1NDAwMDAwMDAwMDAwLCJkZWxldGUiOjU0MDAwMDAwMDAwMDAsInVwZGF0ZSI6NTQwMDAwMDAwMDAwMH19"
        }
      ]
    },
    {
      "mode": "managed",
      "type": "google_sql_database_instance",
      "name": "eclaims_dr",
      "provider": "provider[\"registry.terraform.io/hashicorp/google\"]",
      "instances": [
        {
          "schema_version": 0,
          "attributes": {
            "available_maintenance_versions": [],
            "clone": [],
            "connection_name": "eclaims-promotioncasestudy:us-east1:eclaims-postgres-dr",
            "database_version": "POSTGRES_15",
            "deletion_protection": true,
            "dns_name": "",
            "encryption_key_name": null,
            "first_ip_address": "10.205.1.3",
            "id": "eclaims-postgres-dr",
            "instance_type": "READ_REPLICA_INSTANCE",
            "ip_address": [
              {
                "ip_address": "10.205.1.3",
                "time_to_retire": "",
                "type": "PRIVATE"
              }
            ],
            "maintenance_version": "POSTGRES_15_17.R20260319.00_11",
            "master_instance_name": "eclaims-postgres",
            "name": "eclaims-postgres-dr",
            "private_ip_address": "10.205.1.3",
            "project": "eclaims-promotioncasestudy",
            "psc_service_attachment_link": "",
            "public_ip_address": "",
            "region": "us-east1",
            "replica_configuration": [
              {
                "ca_certificate": "",
                "client_certificate": "",
                "client_key": "",
                "connect_retry_interval": 0,
                "dump_file_path": "",
                "failover_target": false,
                "master_heartbeat_period": 0,
                "password": "",
                "ssl_cipher": "",
                "username": "",
                "verify_server_certificate": false
              }
            ],
            "restore_backup_context": [],
            "root_password": null,
            "self_link": "https://sqladmin.googleapis.com/sql/v1beta4/projects/eclaims-promotioncasestudy/instances/eclaims-postgres-dr",
            "server_ca_cert": [
              {
                "cert": "-----BEGIN CERTIFICATE-----\nMIIDcTCCAlmgAwIBAgIBADANBgkqhkiG9w0BAQsFADBwMS0wKwYDVQQuEyRjZmJh\nMjU2YS05M2NhLTRjYWEtOTQ0Mi1kYTgyMTE2Y2Y5ZDAxHDAaBgNVBAMTE0Nsb3Vk\nIFNRTCBTZXJ2ZXIgQ0ExFDASBgNVBAoTC0dvb2dsZSwgSW5jMQswCQYDVQQGEwJV\nUzAeFw0yNjA1MTIxMzE4MzVaFw0zNjA1MDkxMzE5MzVaMHAxLTArBgNVBC4TJGNm\nYmEyNTZhLTkzY2EtNGNhYS05NDQyLWRhODIxMTZjZjlkMDEcMBoGA1UEAxMTQ2xv\ndWQgU1FMIFNlcnZlciBDQTEUMBIGA1UEChMLR29vZ2xlLCBJbmMxCzAJBgNVBAYT\nAlVTMIIBIjANBgkqhkiG9w0BAQEFAAOCAQ8AMIIBCgKCAQEAvewhOZrYVy04k7S4\n9CnSeSaJQEXyqemyttgjj3JpHTx2/byfMv8VKqCykT6cOwtZmrZ0Ec0B1wPsLhnh\nXdLcVS6aCBkI+THGiWbJAJ05WwvKGbzQ+yLrYmILGg53tEHUWM4CGyAscSxg/lD5\nynvx/4Vg8vRNgBumN4U5ZXYoIwewJ8Jj4G8nKkLtRqhwm+mHGK89ns+JJ+X/Bxqp\ntcUEjkZJEZDBZH1x8mVlmJ3rwJa43v+VKa0DWsi+7SyIZ13NptvCt7iKno8nzIo1\nsQoqsD0FJIOftIHMIb+xxOpBmzu/CYHGGOEXkBZsWdy9DkyeiMAz3DBelLol3faB\nmfkrhQIDAQABoxYwFDASBgNVHRMBAf8ECDAGAQH/AgEAMA0GCSqGSIb3DQEBCwUA\nA4IBAQBnysZzOwgVA3646stHfrdP4FPXZDljDVkpM80Uj2Zf15BWBSI4MCz4I05C\nzUK9RS7TejRyZi5aU5al4aPzDRFa8xEPOwxmRQOzzx9CdnpORThrPnfoqcBn0Jmh\nja5gkHlN6/4gkXiR0cOuj8YbZGWOoWDt14hQVtOBokXxaFyQ/M2kXBylmIN9WyK9\n3xWpXgNAc+3smwkaSgIYyJ73AkC/Dgai4dq7tRH/tbdP3P4GVKxUIL43Gzln00eX\nwFHN2dNltjngMqujEbuT4gBLjDVLEanWm7jig2cFOUTyKZQR6sx/LbIHI/owWRwn\nX3HB2n7p+tYX4gYm5j3Xop2ooxnP\n-----END CERTIFICATE-----",
                "common_name": "C=US,O=Google\\, Inc,CN=Cloud SQL Server CA,dnQualifier=cfba256a-93ca-4caa-9442-da82116cf9d0",
                "create_time": "2026-05-12T13:18:35.156Z",
                "expiration_time": "2036-05-09T13:19:35.156Z",
                "sha1_fingerprint": "07a9ac8b39a31c2379ab296df72d10defe11c55d"
              }
            ],
            "service_account_email_address": "p321046325989-aaul5r@gcp-sa-cloud-sql.iam.gserviceaccount.com",
            "settings": [
              {
                "activation_policy": "ALWAYS",
                "active_directory_config": [],
                "advanced_machine_features": [],
                "availability_type": "ZONAL",
                "backup_configuration": [
                  {
                    "backup_retention_settings": [
                      {
                        "retained_backups": 7,
                        "retention_unit": "COUNT"
                      }
                    ],
                    "binary_log_enabled": false,
                    "enabled": false,
                    "location": "",
                    "point_in_time_recovery_enabled": false,
                    "start_time": "17:00",
                    "transaction_log_retention_days": 7
                  }
                ],
                "collation": "",
                "connector_enforcement": "NOT_REQUIRED",
                "data_cache_config": [],
                "database_flags": [],
                "deletion_protection_enabled": false,
                "deny_maintenance_period": [],
                "disk_autoresize": true,
                "disk_autoresize_limit": 0,
                "disk_size": 10,
                "disk_type": "PD_SSD",
                "edition": "ENTERPRISE",
                "enable_dataplex_integration": false,
                "enable_google_ml_integration": false,
                "insights_config": [],
                "ip_configuration": [
                  {
                    "allocated_ip_range": "",
                    "authorized_networks": [],
                    "enable_private_path_for_google_cloud_services": false,
                    "ipv4_enabled": false,
                    "private_network": "projects/eclaims-promotioncasestudy/global/networks/eclaims-vpc",
                    "psc_config": [],
                    "require_ssl": true,
                    "server_ca_mode": "GOOGLE_MANAGED_INTERNAL_CA",
                    "ssl_mode": ""
                  }
                ],
                "location_preference": [
                  {
                    "follow_gae_application": "",
                    "secondary_zone": "",
                    "zone": "us-east1-c"
                  }
                ],
                "maintenance_window": [],
                "password_validation_policy": [],
                "pricing_plan": "PER_USE",
                "sql_server_audit_config": [],
                "tier": "db-custom-2-7680",
                "time_zone": "",
                "user_labels": {},
                "version": 1
              }
            ],
            "timeouts": null
          },
          "sensitive_attributes": [
            [
              {
                "type": "get_attr",
                "value": "replica_configuration"
              },
              {
                "type": "index",
                "value": {
                  "value": 0,
                  "type": "number"
                }
              },
              {
                "type": "get_attr",
                "value": "password"
              }
            ],
            [
              {
                "type": "get_attr",
                "value": "root_password"
              }
            ],
            [
              {
                "type": "get_attr",
                "value": "server_ca_cert"
              }
            ]
          ],
          "identity_schema_version": 0,
          "private": "eyJlMmJmYjczMC1lY2FhLTExZTYtOGY4OC0zNDM2M2JjN2M0YzAiOnsiY3JlYXRlIjo1NDAwMDAwMDAwMDAwLCJkZWxldGUiOjU0MDAwMDAwMDAwMDAsInVwZGF0ZSI6NTQwMDAwMDAwMDAwMH19",
          "dependencies": [
            "google_sql_database_instance.eclaims"
          ]
        }
      ]
    },
    {
      "mode": "managed",
      "type": "google_sql_user",
      "name": "eclaims",
      "provider": "provider[\"registry.terraform.io/hashicorp/google\"]",
      "instances": [
        {
          "schema_version": 1,
          "attributes": {
            "deletion_policy": null,
            "host": "",
            "id": "eclaims//eclaims-postgres",
            "instance": "eclaims-postgres",
            "name": "eclaims",
            "password": "eJ,Y\u003elkX({0^Q|VC2Rc\u003cb5[]",
            "password_policy": [],
            "project": "eclaims-promotioncasestudy",
            "sql_server_user_details": [],
            "timeouts": null,
            "type": ""
          },
          "sensitive_attributes": [
            [
              {
                "type": "get_attr",
                "value": "password"
              }
            ]
          ],
          "identity_schema_version": 0,
          "private": "eyJlMmJmYjczMC1lY2FhLTExZTYtOGY4OC0zNDM2M2JjN2M0YzAiOnsiY3JlYXRlIjo2MDAwMDAwMDAwMDAsImRlbGV0ZSI6NjAwMDAwMDAwMDAwLCJ1cGRhdGUiOjYwMDAwMDAwMDAwMH0sInNjaGVtYV92ZXJzaW9uIjoiMSJ9",
          "dependencies": [
            "google_sql_database_instance.eclaims"
          ]
        }
      ]
    }
  ],
  "check_results": null
}
